
Microsoft Visual Studio Solution File, Format Version 11.00
# Visual Studio 2010
Project("{FAE04EC0-301F-11D3-BF4B-00C04F79EFBC}") = "HR project", "HR project\HR project.csproj", "{7926A263-4B62-4803-8A7A-9E03BB6E76A9}"
EndProject
Global
	GlobalSection(SolutionConfigurationPlatforms) = preSolution
		Debug|Any CPU = Debug|Any CPU
		Release|Any CPU = Release|Any CPU
	EndGlobalSection
	GlobalSection(ProjectConfigurationPlatforms) = postSolution
		{7926A263-4B62-4803-8A7A-9E03BB6E76A9}.Debug|Any CPU.ActiveCfg = Debug|Any CPU
		{7926A263-4B62-4803-8A7A-9E03BB6E76A9}.Debug|Any CPU.Build.0 = Debug|Any CPU
		{7926A263-4B62-4803-8A7A-9E03BB6E76A9}.Release|Any CPU.ActiveCfg = Release|Any CPU
		{7926A263-4B62-4803-8A7A-9E03BB6E76A9}.Release|Any CPU.Build.0 = Release|Any CPU
	EndGlobalSection
	GlobalSection(SolutionProperties) = preSolution
		HideSolutionNode = FALSE
	EndGlobalSection
EndGlobal
